
Microsoft Visual Studio Solution File, Format Version 12.00
# Visual Studio Version 16
VisualStudioVersion = 16.0.31729.503
MinimumVisualStudioVersion = 10.0.40219.1
Project("{FAE04EC0-301F-11D3-BF4B-00C04F79EFBC}") = "Adapter_L1", "Adapter_L1\Adapter_L1.csproj", "{5EF08A9C-4EE3-4586-B5A9-75F8C948AAAE}"
EndProject
Project("{FAE04EC0-301F-11D3-BF4B-00C04F79EFBC}") = "Beágyazás", "Beágyazás\Beágyazás.csproj", "{EB0A6471-C517-4C4F-8C30-A8D4DC68C9D8}"
EndProject
Project("{FAE04EC0-301F-11D3-BF4B-00C04F79EFBC}") = "Kiegészítés", "Kiegészítés\Kiegészítés.csproj", "{50AFBBF2-ACFC-4D15-8635-DDF641957E0E}"
EndProject
Project("{FAE04EC0-301F-11D3-BF4B-00C04F79EFBC}") = "DI_Minta", "DI_Minta\DI_Minta.csproj", "{DAFE01B0-CC72-42FF-8070-2DA7F0829C3D}"
EndProject
Global
	GlobalSection(SolutionConfigurationPlatforms) = preSolution
		Debug|Any CPU = Debug|Any CPU
		Release|Any CPU = Release|Any CPU
	EndGlobalSection
	GlobalSection(ProjectConfigurationPlatforms) = postSolution
		{5EF08A9C-4EE3-4586-B5A9-75F8C948AAAE}.Debug|Any CPU.ActiveCfg = Debug|Any CPU
		{5EF08A9C-4EE3-4586-B5A9-75F8C948AAAE}.Debug|Any CPU.Build.0 = Debug|Any CPU
		{5EF08A9C-4EE3-4586-B5A9-75F8C948AAAE}.Release|Any CPU.ActiveCfg = Release|Any CPU
		{5EF08A9C-4EE3-4586-B5A9-75F8C948AAAE}.Release|Any CPU.Build.0 = Release|Any CPU
		{EB0A6471-C517-4C4F-8C30-A8D4DC68C9D8}.Debug|Any CPU.ActiveCfg = Debug|Any CPU
		{EB0A6471-C517-4C4F-8C30-A8D4DC68C9D8}.Debug|Any CPU.Build.0 = Debug|Any CPU
		{EB0A6471-C517-4C4F-8C30-A8D4DC68C9D8}.Release|Any CPU.ActiveCfg = Release|Any CPU
		{EB0A6471-C517-4C4F-8C30-A8D4DC68C9D8}.Release|Any CPU.Build.0 = Release|Any CPU
		{50AFBBF2-ACFC-4D15-8635-DDF641957E0E}.Debug|Any CPU.ActiveCfg = Debug|Any CPU
		{50AFBBF2-ACFC-4D15-8635-DDF641957E0E}.Debug|Any CPU.Build.0 = Debug|Any CPU
		{50AFBBF2-ACFC-4D15-8635-DDF641957E0E}.Release|Any CPU.ActiveCfg = Release|Any CPU
		{50AFBBF2-ACFC-4D15-8635-DDF641957E0E}.Release|Any CPU.Build.0 = Release|Any CPU
		{DAFE01B0-CC72-42FF-8070-2DA7F0829C3D}.Debug|Any CPU.ActiveCfg = Debug|Any CPU
		{DAFE01B0-CC72-42FF-8070-2DA7F0829C3D}.Debug|Any CPU.Build.0 = Debug|Any CPU
		{DAFE01B0-CC72-42FF-8070-2DA7F0829C3D}.Release|Any CPU.ActiveCfg = Release|Any CPU
		{DAFE01B0-CC72-42FF-8070-2DA7F0829C3D}.Release|Any CPU.Build.0 = Release|Any CPU
	EndGlobalSection
	GlobalSection(SolutionProperties) = preSolution
		HideSolutionNode = FALSE
	EndGlobalSection
	GlobalSection(ExtensibilityGlobals) = postSolution
		SolutionGuid = {DD602A05-F2C4-4464-AEE8-0D5F92CA116E}
	EndGlobalSection
EndGlobal
